<?xml version="1.0" encoding="utf-8"?>
<Project ToolsVersion="4.0" xmlns="http://schemas.microsoft.com/developer/msbuild/2003">
  <ItemGroup>
    <Filter Include="源文件">
      <UniqueIdentifier>{4FC737F1-C7A5-4376-A066-2A32D752A2FF}</UniqueIdentifier>
      <Extensions>cpp;c;cc;cxx;def;odl;idl;hpj;bat;asm;asmx</Extensions>
    </Filter>
    <Filter Include="头文件">
      <UniqueIdentifier>{93995380-89BD-4b04-88EB-625FBE52EBFB}</UniqueIdentifier>
      <Extensions>h;hh;hpp;hxx;hm;inl;inc;xsd</Extensions>
    </Filter>
    <Filter Include="资源文件">
      <UniqueIdentifier>{67DA6AB6-F800-4c08-8B7A-83BB121AAD01}</UniqueIdentifier>
      <Extensions>rc;ico;cur;bmp;dlg;rc2;rct;bin;rgs;gif;jpg;jpeg;jpe;resx;tiff;tif;png;wav;mfcribbon-ms</Extensions>
    </Filter>
    <Filter Include="控件">
      <UniqueIdentifier>{6f54163d-734f-4432-b913-2f0f5a3f8caf}</UniqueIdentifier>
    </Filter>
  </ItemGroup>
  <ItemGroup>
    <Text Include="ReadMe.txt" />
  </ItemGroup>
  <ItemGroup>
    <ClInclude Include="stdafx.h">
      <Filter>头文件</Filter>
    </ClInclude>
    <ClInclude Include="targetver.h">
      <Filter>头文件</Filter>
    </ClInclude>
    <ClInclude Include="Resource.h">
      <Filter>头文件</Filter>
    </ClInclude>
    <ClInclude Include="IPCaster.h">
      <Filter>头文件</Filter>
    </ClInclude>
    <ClInclude Include="SpeakerWindow.h">
      <Filter>头文件</Filter>
    </ClInclude>
    <ClInclude Include="StateManger.h">
      <Filter>头文件</Filter>
    </ClInclude>
    <ClInclude Include="FindSpeakerLoop.h">
      <Filter>头文件</Filter>
    </ClInclude>
    <ClInclude Include="MessageMQ.h">
      <Filter>头文件</Filter>
    </ClInclude>
    <ClInclude Include="ListenerWindow.h">
      <Filter>头文件</Filter>
    </ClInclude>
    <ClInclude Include="GroupBoxUI.h">
      <Filter>控件</Filter>
    </ClInclude>
    <ClInclude Include="UIMenu.h">
      <Filter>控件</Filter>
    </ClInclude>
    <ClInclude Include="SpeakerWindowSample.h">
      <Filter>头文件</Filter>
    </ClInclude>
    <ClInclude Include="P2PLog.h">
      <Filter>头文件</Filter>
    </ClInclude>
  </ItemGroup>
  <ItemGroup>
    <ClCompile Include="stdafx.cpp">
      <Filter>源文件</Filter>
    </ClCompile>
    <ClCompile Include="IPCaster.cpp">
      <Filter>源文件</Filter>
    </ClCompile>
    <ClCompile Include="ListenerWindow.cpp">
      <Filter>源文件</Filter>
    </ClCompile>
    <ClCompile Include="SpeakerWindow.cpp">
      <Filter>源文件</Filter>
    </ClCompile>
    <ClCompile Include="StateManger.cpp">
      <Filter>源文件</Filter>
    </ClCompile>
    <ClCompile Include="FindSpeakerLoop.cpp">
      <Filter>源文件</Filter>
    </ClCompile>
    <ClCompile Include="MessageMQ.cpp">
      <Filter>源文件</Filter>
    </ClCompile>
    <ClCompile Include="GroupBoxUI.cpp">
      <Filter>控件</Filter>
    </ClCompile>
    <ClCompile Include="UIMenu.cpp">
      <Filter>控件</Filter>
    </ClCompile>
    <ClCompile Include="SpeakerWindowSample.cpp">
      <Filter>源文件</Filter>
    </ClCompile>
    <ClCompile Include="P2PLog.cpp">
      <Filter>源文件</Filter>
    </ClCompile>
  </ItemGroup>
  <ItemGroup>
    <ResourceCompile Include="IPCaster.rc">
      <Filter>资源文件</Filter>
    </ResourceCompile>
  </ItemGroup>
  <ItemGroup>
    <Image Include="small.ico">
      <Filter>资源文件</Filter>
    </Image>
    <Image Include="IPCaster.ico">
      <Filter>资源文件</Filter>
    </Image>
  </ItemGroup>
  <ItemGroup>
    <None Include="skin.zip" />
  </ItemGroup>
</Project>